Microsoft Visual Studio Solution File, Format Version 12.00
# Visual Studio Version 17
VisualStudioVersion = 17.7.34024.191
MinimumVisualStudioVersion = 10.0.40219.1
Project("{9A19103F-16F7-4668-BE54-9A1E7A4F7556}") = "ProductApi", "ProductApi\ProductApi.csproj", "{1AB07F84-B486-4705-9F0B-425D2EE530E8}"
EndProject
Project("{9A19103F-16F7-4668-BE54-9A1E7A4F7556}") = "OrderApi", "OrderApi\OrderApi.csproj", "{559DB926-84A6-4388-A849-138C85B00412}"
EndProject
Project("{9A19103F-16F7-4668-BE54-9A1E7A4F7556}") = "SharedModels", "SharedModels\SharedModels.csproj", "{4B295FF2-0206-43DF-97F1-4C8D1CADC631}"
EndProject
Project("{9A19103F-16F7-4668-BE54-9A1E7A4F7556}") = "CustomerApi", "CustomerApi\CustomerApi.csproj", "{AD003B55-1A84-46DD-9E1C-B594D1CF23E7}"
EndProject
Project("{9A19103F-16F7-4668-BE54-9A1E7A4F7556}") = "EmailApi", "EmailApi\EmailApi.csproj", "{9B5BC927-6FA8-426B-BA7B-3E81D90E856F}"
EndProject
Project("{FAE04EC0-301F-11D3-BF4B-00C04F79EFBC}") = "ApiGateway", "ApiGateway\ApiGateway.csproj", "{A4DBAD77-B3D8-459D-B975-FF421971347F}"
EndProject
Global
	GlobalSection(SolutionConfigurationPlatforms) = preSolution
		Debug|Any CPU = Debug|Any CPU
		Release|Any CPU = Release|Any CPU
	EndGlobalSection
	GlobalSection(ProjectConfigurationPlatforms) = postSolution
		{1AB07F84-B486-4705-9F0B-425D2EE530E8}.Debug|Any CPU.ActiveCfg = Debug|Any CPU
		{1AB07F84-B486-4705-9F0B-425D2EE530E8}.Debug|Any CPU.Build.0 = Debug|Any CPU
		{1AB07F84-B486-4705-9F0B-425D2EE530E8}.Release|Any CPU.ActiveCfg = Release|Any CPU
		{1AB07F84-B486-4705-9F0B-425D2EE530E8}.Release|Any CPU.Build.0 = Release|Any CPU
		{559DB926-84A6-4388-A849-138C85B00412}.Debug|Any CPU.ActiveCfg = Debug|Any CPU
		{559DB926-84A6-4388-A849-138C85B00412}.Debug|Any CPU.Build.0 = Debug|Any CPU
		{559DB926-84A6-4388-A849-138C85B00412}.Release|Any CPU.ActiveCfg = Release|Any CPU
		{559DB926-84A6-4388-A849-138C85B00412}.Release|Any CPU.Build.0 = Release|Any CPU
		{4B295FF2-0206-43DF-97F1-4C8D1CADC631}.Debug|Any CPU.ActiveCfg = Debug|Any CPU
		{4B295FF2-0206-43DF-97F1-4C8D1CADC631}.Debug|Any CPU.Build.0 = Debug|Any CPU
		{4B295FF2-0206-43DF-97F1-4C8D1CADC631}.Release|Any CPU.ActiveCfg = Release|Any CPU
		{4B295FF2-0206-43DF-97F1-4C8D1CADC631}.Release|Any CPU.Build.0 = Release|Any CPU
		{AD003B55-1A84-46DD-9E1C-B594D1CF23E7}.Debug|Any CPU.ActiveCfg = Debug|Any CPU
		{AD003B55-1A84-46DD-9E1C-B594D1CF23E7}.Debug|Any CPU.Build.0 = Debug|Any CPU
		{AD003B55-1A84-46DD-9E1C-B594D1CF23E7}.Release|Any CPU.ActiveCfg = Release|Any CPU
		{AD003B55-1A84-46DD-9E1C-B594D1CF23E7}.Release|Any CPU.Build.0 = Release|Any CPU
		{9B5BC927-6FA8-426B-BA7B-3E81D90E856F}.Debug|Any CPU.ActiveCfg = Debug|Any CPU
		{9B5BC927-6FA8-426B-BA7B-3E81D90E856F}.Debug|Any CPU.Build.0 = Debug|Any CPU
		{9B5BC927-6FA8-426B-BA7B-3E81D90E856F}.Release|Any CPU.ActiveCfg = Release|Any CPU
		{9B5BC927-6FA8-426B-BA7B-3E81D90E856F}.Release|Any CPU.Build.0 = Release|Any CPU
		{A4DBAD77-B3D8-459D-B975-FF421971347F}.Debug|Any CPU.ActiveCfg = Debug|Any CPU
		{A4DBAD77-B3D8-459D-B975-FF421971347F}.Debug|Any CPU.Build.0 = Debug|Any CPU
		{A4DBAD77-B3D8-459D-B975-FF421971347F}.Release|Any CPU.ActiveCfg = Release|Any CPU
		{A4DBAD77-B3D8-459D-B975-FF421971347F}.Release|Any CPU.Build.0 = Release|Any CPU
	EndGlobalSection
	GlobalSection(SolutionProperties) = preSolution
		HideSolutionNode = FALSE
	EndGlobalSection
	GlobalSection(ExtensibilityGlobals) = postSolution
		SolutionGuid = {F6F5DE35-56CE-4FCF-A17F-4AA62E24A562}
	EndGlobalSection
EndGlobal
